
Microsoft Visual Studio Solution File, Format Version 12.00
# Visual Studio Version 16
VisualStudioVersion = 16.0.28803.352
MinimumVisualStudioVersion = 10.0.40219.1
Project("{FAE04EC0-301F-11D3-BF4B-00C04F79EFBC}") = "SalesWebMv", "SalesWebMv\SalesWebMv.csproj", "{38B3C873-7BC0-458B-BB1B-62ACDB187E24}"
EndProject
Global
	GlobalSection(SolutionConfigurationPlatforms) = preSolution
		Debug|Any CPU = Debug|Any CPU
		Release|Any CPU = Release|Any CPU
	EndGlobalSection
	GlobalSection(ProjectConfigurationPlatforms) = postSolution
		{38B3C873-7BC0-458B-BB1B-62ACDB187E24}.Debug|Any CPU.ActiveCfg = Debug|Any CPU
		{38B3C873-7BC0-458B-BB1B-62ACDB187E24}.Debug|Any CPU.Build.0 = Debug|Any CPU
		{38B3C873-7BC0-458B-BB1B-62ACDB187E24}.Release|Any CPU.ActiveCfg = Release|Any CPU
		{38B3C873-7BC0-458B-BB1B-62ACDB187E24}.Release|Any CPU.Build.0 = Release|Any CPU
	EndGlobalSection
	GlobalSection(SolutionProperties) = preSolution
		HideSolutionNode = FALSE
	EndGlobalSection
	GlobalSection(ExtensibilityGlobals) = postSolution
		SolutionGuid = {676F537D-31BE-4920-83D7-F585F0D0D2E9}
	EndGlobalSection
EndGlobal
